// !$*UTF8*$!
{
	archiveVersion = 1;
	classes = {
	};
	objectVersion = 45;
	objects = {

/* Begin PBXBuildFile section */
		0F086B91132715B800BF6775 /* TPAsynchronousDataFetcher.m in Sources */ = {isa = PBXBuildFile; fileRef = 0F086B90132715B800BF6775 /* TPAsynchronousDataFetcher.m */; };
		0F1AFBE212F0FFB50062F36E /* MainWindow.xib in Resources */ = {isa = PBXBuildFile; fileRef = 0F1AFBDE12F0FFB50062F36E /* MainWindow.xib */; };
		0F1AFBE312F0FFB50062F36E /* TestViewController.xib in Resources */ = {isa = PBXBuildFile; fileRef = 0F1AFBDF12F0FFB50062F36E /* TestViewController.xib */; };
		0F1AFBE412F0FFB50062F36E /* TPAuthenticationViewController.xib in Resources */ = {isa = PBXBuildFile; fileRef = 0F1AFBE012F0FFB50062F36E /* TPAuthenticationViewController.xib */; };
		0F1AFBE512F0FFB50062F36E /* TPTweetViewController.xib in Resources */ = {isa = PBXBuildFile; fileRef = 0F1AFBE112F0FFB50062F36E /* TPTweetViewController.xib */; };
		0F345D3612EFEA4C00F7181F /* Base64Transcoder.c in Sources */ = {isa = PBXBuildFile; fileRef = 0F345D1712EFEA4C00F7181F /* Base64Transcoder.c */; };
		0F345D3712EFEA4C00F7181F /* NSMutableURLRequest+Parameters.m in Sources */ = {isa = PBXBuildFile; fileRef = 0F345D1A12EFEA4C00F7181F /* NSMutableURLRequest+Parameters.m */; };
		0F345D3812EFEA4C00F7181F /* NSString+URLEncoding.m in Sources */ = {isa = PBXBuildFile; fileRef = 0F345D1C12EFEA4C00F7181F /* NSString+URLEncoding.m */; };
		0F345D3912EFEA4C00F7181F /* NSURL+Base.m in Sources */ = {isa = PBXBuildFile; fileRef = 0F345D1E12EFEA4C00F7181F /* NSURL+Base.m */; };
		0F345D3A12EFEA4C00F7181F /* OAAsynchronousDataFetcher.m in Sources */ = {isa = PBXBuildFile; fileRef = 0F345D2012EFEA4C00F7181F /* OAAsynchronousDataFetcher.m */; };
		0F345D3B12EFEA4C00F7181F /* OAConsumer.m in Sources */ = {isa = PBXBuildFile; fileRef = 0F345D2212EFEA4C00F7181F /* OAConsumer.m */; };
		0F345D3C12EFEA4C00F7181F /* OADataFetcher.m in Sources */ = {isa = PBXBuildFile; fileRef = 0F345D2412EFEA4C00F7181F /* OADataFetcher.m */; };
		0F345D3D12EFEA4C00F7181F /* OAHMAC_SHA1SignatureProvider.m in Sources */ = {isa = PBXBuildFile; fileRef = 0F345D2612EFEA4C00F7181F /* OAHMAC_SHA1SignatureProvider.m */; };
		0F345D3E12EFEA4C00F7181F /* OAMutableURLRequest.m in Sources */ = {isa = PBXBuildFile; fileRef = 0F345D2812EFEA4C00F7181F /* OAMutableURLRequest.m */; };
		0F345D3F12EFEA4C00F7181F /* OAPlaintextSignatureProvider.m in Sources */ = {isa = PBXBuildFile; fileRef = 0F345D2A12EFEA4C00F7181F /* OAPlaintextSignatureProvider.m */; };
		0F345D4012EFEA4C00F7181F /* OARequestParameter.m in Sources */ = {isa = PBXBuildFile; fileRef = 0F345D2C12EFEA4C00F7181F /* OARequestParameter.m */; };
		0F345D4112EFEA4C00F7181F /* OAServiceTicket.m in Sources */ = {isa = PBXBuildFile; fileRef = 0F345D2E12EFEA4C00F7181F /* OAServiceTicket.m */; };
		0F345D4212EFEA4C00F7181F /* OAToken.m in Sources */ = {isa = PBXBuildFile; fileRef = 0F345D3112EFEA4C00F7181F /* OAToken.m */; };
		0F345EBF12F0207800F7181F /* TPTweetViewController.m in Sources */ = {isa = PBXBuildFile; fileRef = 0F345EBD12F0207800F7181F /* TPTweetViewController.m */; };
		0F94ECA812F03E5A00CC4199 /* TPAuthenticationViewController.m in Sources */ = {isa = PBXBuildFile; fileRef = 0F94ECA612F03E5A00CC4199 /* TPAuthenticationViewController.m */; };
		0F94ECB812F041F200CC4199 /* TPSession.m in Sources */ = {isa = PBXBuildFile; fileRef = 0F94ECB712F041F200CC4199 /* TPSession.m */; };
		0FB4DC3A1325DAF400402C5E /* Icon-iPad.png in Resources */ = {isa = PBXBuildFile; fileRef = 0FB4DC371325DAF400402C5E /* Icon-iPad.png */; };
		0FB4DC3B1325DAF400402C5E /* Icon.png in Resources */ = {isa = PBXBuildFile; fileRef = 0FB4DC381325DAF400402C5E /* Icon.png */; };
		0FB4DC3C1325DAF400402C5E /* Icon@2x.png in Resources */ = {isa = PBXBuildFile; fileRef = 0FB4DC391325DAF400402C5E /* Icon@2x.png */; };
		0FDEE87212F035F4009BD0F7 /* TwitterBG.png in Resources */ = {isa = PBXBuildFile; fileRef = 0FDEE87112F035F4009BD0F7 /* TwitterBG.png */; };
		1D3623260D0F684500981E51 /* TestAppDelegate.m in Sources */ = {isa = PBXBuildFile; fileRef = 1D3623250D0F684500981E51 /* TestAppDelegate.m */; };
		1D60589B0D05DD56006BFB54 /* main.m in Sources */ = {isa = PBXBuildFile; fileRef = 29B97316FDCFA39411CA2CEA /* main.m */; };
		1D60589F0D05DD5A006BFB54 /* Foundation.framework in Frameworks */ = {isa = PBXBuildFile; fileRef = 1D30AB110D05D00D00671497 /* Foundation.framework */; };
		1DF5F4E00D08C38300B7A737 /* UIKit.framework in Frameworks */ = {isa = PBXBuildFile; fileRef = 1DF5F4DF0D08C38300B7A737 /* UIKit.framework */; };
		288765A50DF7441C002DB57D /* CoreGraphics.framework in Frameworks */ = {isa = PBXBuildFile; fileRef = 288765A40DF7441C002DB57D /* CoreGraphics.framework */; };
		28D7ACF80DDB3853001CB0EB /* TestViewController.m in Sources */ = {isa = PBXBuildFile; fileRef = 28D7ACF70DDB3853001CB0EB /* TestViewController.m */; };
/* End PBXBuildFile section */

/* Begin PBXFileReference section */
		0F086B8F132715B800BF6775 /* TPAsynchronousDataFetcher.h */ = {isa = PBXFileReference; fileEncoding = 4; lastKnownFileType = sourcecode.c.h; name = TPAsynchronousDataFetcher.h; path = TweetPoster/TPAsynchronousDataFetcher.h; sourceTree = "<group>"; };
		0F086B90132715B800BF6775 /* TPAsynchronousDataFetcher.m */ = {isa = PBXFileReference; fileEncoding = 4; lastKnownFileType = sourcecode.c.objc; name = TPAsynchronousDataFetcher.m; path = TweetPoster/TPAsynchronousDataFetcher.m; sourceTree = "<group>"; };
		0F1AFBDE12F0FFB50062F36E /* MainWindow.xib */ = {isa = PBXFileReference; lastKnownFileType = file.xib; path = MainWindow.xib; sourceTree = "<group>"; };
		0F1AFBDF12F0FFB50062F36E /* TestViewController.xib */ = {isa = PBXFileReference; lastKnownFileType = file.xib; name = TestViewController.xib; path = Classes/TestViewController.xib; sourceTree = "<group>"; };
		0F1AFBE012F0FFB50062F36E /* TPAuthenticationViewController.xib */ = {isa = PBXFileReference; lastKnownFileType = file.xib; name = TPAuthenticationViewController.xib; path = TweetPoster/TPAuthenticationViewController.xib; sourceTree = "<group>"; };
		0F1AFBE112F0FFB50062F36E /* TPTweetViewController.xib */ = {isa = PBXFileReference; lastKnownFileType = file.xib; name = TPTweetViewController.xib; path = TweetPoster/TPTweetViewController.xib; sourceTree = "<group>"; };
		0F345D1712EFEA4C00F7181F /* Base64Transcoder.c */ = {isa = PBXFileReference; fileEncoding = 4; lastKnownFileType = sourcecode.c.c; path = Base64Transcoder.c; sourceTree = "<group>"; };
		0F345D1812EFEA4C00F7181F /* Base64Transcoder.h */ = {isa = PBXFileReference; fileEncoding = 4; lastKnownFileType = sourcecode.c.h; path = Base64Transcoder.h; sourceTree = "<group>"; };
		0F345D1912EFEA4C00F7181F /* NSMutableURLRequest+Parameters.h */ = {isa = PBXFileReference; fileEncoding = 4; lastKnownFileType = sourcecode.c.h; path = "NSMutableURLRequest+Parameters.h"; sourceTree = "<group>"; };
		0F345D1A12EFEA4C00F7181F /* NSMutableURLRequest+Parameters.m */ = {isa = PBXFileReference; fileEncoding = 4; lastKnownFileType = sourcecode.c.objc; path = "NSMutableURLRequest+Parameters.m"; sourceTree = "<group>"; };
		0F345D1B12EFEA4C00F7181F /* NSString+URLEncoding.h */ = {isa = PBXFileReference; fileEncoding = 4; lastKnownFileType = sourcecode.c.h; path = "NSString+URLEncoding.h"; sourceTree = "<group>"; };
		0F345D1C12EFEA4C00F7181F /* NSString+URLEncoding.m */ = {isa = PBXFileReference; fileEncoding = 4; lastKnownFileType = sourcecode.c.objc; path = "NSString+URLEncoding.m"; sourceTree = "<group>"; };
		0F345D1D12EFEA4C00F7181F /* NSURL+Base.h */ = {isa = PBXFileReference; fileEncoding = 4; lastKnownFileType = sourcecode.c.h; path = "NSURL+Base.h"; sourceTree = "<group>"; };
		0F345D1E12EFEA4C00F7181F /* NSURL+Base.m */ = {isa = PBXFileReference; fileEncoding = 4; lastKnownFileType = sourcecode.c.objc; path = "NSURL+Base.m"; sourceTree = "<group>"; };
		0F345D1F12EFEA4C00F7181F /* OAAsynchronousDataFetcher.h */ = {isa = PBXFileReference; fileEncoding = 4; lastKnownFileType = sourcecode.c.h; path = OAAsynchronousDataFetcher.h; sourceTree = "<group>"; };
		0F345D2012EFEA4C00F7181F /* OAAsynchronousDataFetcher.m */ = {isa = PBXFileReference; fileEncoding = 4; lastKnownFileType = sourcecode.c.objc; path = OAAsynchronousDataFetcher.m; sourceTree = "<group>"; };
		0F345D2112EFEA4C00F7181F /* OAConsumer.h */ = {isa = PBXFileReference; fileEncoding = 4; lastKnownFileType = sourcecode.c.h; path = OAConsumer.h; sourceTree = "<group>"; };
		0F345D2212EFEA4C00F7181F /* OAConsumer.m */ = {isa = PBXFileReference; fileEncoding = 4; lastKnownFileType = sourcecode.c.objc; path = OAConsumer.m; sourceTree = "<group>"; };
		0F345D2312EFEA4C00F7181F /* OADataFetcher.h */ = {isa = PBXFileReference; fileEncoding = 4; lastKnownFileType = sourcecode.c.h; path = OADataFetcher.h; sourceTree = "<group>"; };
		0F345D2412EFEA4C00F7181F /* OADataFetcher.m */ = {isa = PBXFileReference; fileEncoding = 4; lastKnownFileType = sourcecode.c.objc; path = OADataFetcher.m; sourceTree = "<group>"; };
		0F345D2512EFEA4C00F7181F /* OAHMAC_SHA1SignatureProvider.h */ = {isa = PBXFileReference; fileEncoding = 4; lastKnownFileType = sourcecode.c.h; path = OAHMAC_SHA1SignatureProvider.h; sourceTree = "<group>"; };
		0F345D2612EFEA4C00F7181F /* OAHMAC_SHA1SignatureProvider.m */ = {isa = PBXFileReference; fileEncoding = 4; lastKnownFileType = sourcecode.c.objc; path = OAHMAC_SHA1SignatureProvider.m; sourceTree = "<group>"; };
		0F345D2712EFEA4C00F7181F /* OAMutableURLRequest.h */ = {isa = PBXFileReference; fileEncoding = 4; lastKnownFileType = sourcecode.c.h; path = OAMutableURLRequest.h; sourceTree = "<group>"; };
		0F345D2812EFEA4C00F7181F /* OAMutableURLRequest.m */ = {isa = PBXFileReference; fileEncoding = 4; lastKnownFileType = sourcecode.c.objc; path = OAMutableURLRequest.m; sourceTree = "<group>"; };
		0F345D2912EFEA4C00F7181F /* OAPlaintextSignatureProvider.h */ = {isa = PBXFileReference; fileEncoding = 4; lastKnownFileType = sourcecode.c.h; path = OAPlaintextSignatureProvider.h; sourceTree = "<group>"; };
		0F345D2A12EFEA4C00F7181F /* OAPlaintextSignatureProvider.m */ = {isa = PBXFileReference; fileEncoding = 4; lastKnownFileType = sourcecode.c.objc; path = OAPlaintextSignatureProvider.m; sourceTree = "<group>"; };
		0F345D2B12EFEA4C00F7181F /* OARequestParameter.h */ = {isa = PBXFileReference; fileEncoding = 4; lastKnownFileType = sourcecode.c.h; path = OARequestParameter.h; sourceTree = "<group>"; };
		0F345D2C12EFEA4C00F7181F /* OARequestParameter.m */ = {isa = PBXFileReference; fileEncoding = 4; lastKnownFileType = sourcecode.c.objc; path = OARequestParameter.m; sourceTree = "<group>"; };
		0F345D2D12EFEA4C00F7181F /* OAServiceTicket.h */ = {isa = PBXFileReference; fileEncoding = 4; lastKnownFileType = sourcecode.c.h; path = OAServiceTicket.h; sourceTree = "<group>"; };
		0F345D2E12EFEA4C00F7181F /* OAServiceTicket.m */ = {isa = PBXFileReference; fileEncoding = 4; lastKnownFileType = sourcecode.c.objc; path = OAServiceTicket.m; sourceTree = "<group>"; };
		0F345D2F12EFEA4C00F7181F /* OASignatureProviding.h */ = {isa = PBXFileReference; fileEncoding = 4; lastKnownFileType = sourcecode.c.h; path = OASignatureProviding.h; sourceTree = "<group>"; };
		0F345D3012EFEA4C00F7181F /* OAToken.h */ = {isa = PBXFileReference; fileEncoding = 4; lastKnownFileType = sourcecode.c.h; path = OAToken.h; sourceTree = "<group>"; };
		0F345D3112EFEA4C00F7181F /* OAToken.m */ = {isa = PBXFileReference; fileEncoding = 4; lastKnownFileType = sourcecode.c.objc; path = OAToken.m; sourceTree = "<group>"; };
		0F345D3412EFEA4C00F7181F /* OAuthConsumer.h */ = {isa = PBXFileReference; fileEncoding = 4; lastKnownFileType = sourcecode.c.h; path = OAuthConsumer.h; sourceTree = "<group>"; };
		0F345EBC12F0207800F7181F /* TPTweetViewController.h */ = {isa = PBXFileReference; fileEncoding = 4; lastKnownFileType = sourcecode.c.h; name = TPTweetViewController.h; path = TweetPoster/TPTweetViewController.h; sourceTree = "<group>"; };
		0F345EBD12F0207800F7181F /* TPTweetViewController.m */ = {isa = PBXFileReference; fileEncoding = 4; lastKnownFileType = sourcecode.c.objc; name = TPTweetViewController.m; path = TweetPoster/TPTweetViewController.m; sourceTree = "<group>"; };
		0F94ECA512F03E5A00CC4199 /* TPAuthenticationViewController.h */ = {isa = PBXFileReference; fileEncoding = 4; lastKnownFileType = sourcecode.c.h; name = TPAuthenticationViewController.h; path = TweetPoster/TPAuthenticationViewController.h; sourceTree = "<group>"; };
		0F94ECA612F03E5A00CC4199 /* TPAuthenticationViewController.m */ = {isa = PBXFileReference; fileEncoding = 4; lastKnownFileType = sourcecode.c.objc; name = TPAuthenticationViewController.m; path = TweetPoster/TPAuthenticationViewController.m; sourceTree = "<group>"; };
		0F94ECB612F041F200CC4199 /* TPSession.h */ = {isa = PBXFileReference; fileEncoding = 4; lastKnownFileType = sourcecode.c.h; name = TPSession.h; path = TweetPoster/TPSession.h; sourceTree = "<group>"; };
		0F94ECB712F041F200CC4199 /* TPSession.m */ = {isa = PBXFileReference; fileEncoding = 4; lastKnownFileType = sourcecode.c.objc; name = TPSession.m; path = TweetPoster/TPSession.m; sourceTree = "<group>"; };
		0FB4DC371325DAF400402C5E /* Icon-iPad.png */ = {isa = PBXFileReference; lastKnownFileType = image.png; name = "Icon-iPad.png"; path = "Resources/Icon-iPad.png"; sourceTree = "<group>"; };
		0FB4DC381325DAF400402C5E /* Icon.png */ = {isa = PBXFileReference; lastKnownFileType = image.png; name = Icon.png; path = Resources/Icon.png; sourceTree = "<group>"; };
		0FB4DC391325DAF400402C5E /* Icon@2x.png */ = {isa = PBXFileReference; lastKnownFileType = image.png; name = "Icon@2x.png"; path = "Resources/Icon@2x.png"; sourceTree = "<group>"; };
		0FDEE87112F035F4009BD0F7 /* TwitterBG.png */ = {isa = PBXFileReference; lastKnownFileType = image.png; name = TwitterBG.png; path = TweetPoster/TwitterBG.png; sourceTree = "<group>"; };
		1D30AB110D05D00D00671497 /* Foundation.framework */ = {isa = PBXFileReference; lastKnownFileType = wrapper.framework; name = Foundation.framework; path = System/Library/Frameworks/Foundation.framework; sourceTree = SDKROOT; };
		1D3623240D0F684500981E51 /* TestAppDelegate.h */ = {isa = PBXFileReference; fileEncoding = 4; lastKnownFileType = sourcecode.c.h; path = TestAppDelegate.h; sourceTree = "<group>"; };
		1D3623250D0F684500981E51 /* TestAppDelegate.m */ = {isa = PBXFileReference; fileEncoding = 4; lastKnownFileType = sourcecode.c.objc; path = TestAppDelegate.m; sourceTree = "<group>"; };
		1D6058910D05DD3D006BFB54 /* TweetPoster.app */ = {isa = PBXFileReference; explicitFileType = wrapper.application; includeInIndex = 0; path = TweetPoster.app; sourceTree = BUILT_PRODUCTS_DIR; };
		1DF5F4DF0D08C38300B7A737 /* UIKit.framework */ = {isa = PBXFileReference; lastKnownFileType = wrapper.framework; name = UIKit.framework; path = System/Library/Frameworks/UIKit.framework; sourceTree = SDKROOT; };
		288765A40DF7441C002DB57D /* CoreGraphics.framework */ = {isa = PBXFileReference; lastKnownFileType = wrapper.framework; name = CoreGraphics.framework; path = System/Library/Frameworks/CoreGraphics.framework; sourceTree = SDKROOT; };
		28D7ACF60DDB3853001CB0EB /* TestViewController.h */ = {isa = PBXFileReference; fileEncoding = 4; lastKnownFileType = sourcecode.c.h; path = TestViewController.h; sourceTree = "<group>"; };
		28D7ACF70DDB3853001CB0EB /* TestViewController.m */ = {isa = PBXFileReference; fileEncoding = 4; lastKnownFileType = sourcecode.c.objc; path = TestViewController.m; sourceTree = "<group>"; };
		29B97316FDCFA39411CA2CEA /* main.m */ = {isa = PBXFileReference; fileEncoding = 4; lastKnownFileType = sourcecode.c.objc; path = main.m; sourceTree = "<group>"; };
		32CA4F630368D1EE00C91783 /* TweetPoster_Prefix.pch */ = {isa = PBXFileReference; fileEncoding = 4; lastKnownFileType = sourcecode.c.h; path = TweetPoster_Prefix.pch; sourceTree = "<group>"; };
		8D1107310486CEB800E47090 /* TweetPoster-Info.plist */ = {isa = PBXFileReference; fileEncoding = 4; lastKnownFileType = text.plist.xml; path = "TweetPoster-Info.plist"; plistStructureDefinitionIdentifier = "com.apple.xcode.plist.structure-definition.iphone.info-plist"; sourceTree = "<group>"; };
/* End PBXFileReference section */

/* Begin PBXFrameworksBuildPhase section */
		1D60588F0D05DD3D006BFB54 /* Frameworks */ = {
			isa = PBXFrameworksBuildPhase;
			buildActionMask = 2147483647;
			files = (
				1D60589F0D05DD5A006BFB54 /* Foundation.framework in Frameworks */,
				1DF5F4E00D08C38300B7A737 /* UIKit.framework in Frameworks */,
				288765A50DF7441C002DB57D /* CoreGraphics.framework in Frameworks */,
			);
			runOnlyForDeploymentPostprocessing = 0;
		};
/* End PBXFrameworksBuildPhase section */

/* Begin PBXGroup section */
		080E96DDFE201D6D7F000001 /* Classes */ = {
			isa = PBXGroup;
			children = (
				1D3623240D0F684500981E51 /* TestAppDelegate.h */,
				1D3623250D0F684500981E51 /* TestAppDelegate.m */,
				28D7ACF60DDB3853001CB0EB /* TestViewController.h */,
				28D7ACF70DDB3853001CB0EB /* TestViewController.m */,
			);
			path = Classes;
			sourceTree = "<group>";
		};
		0F3234AD12F164220057C467 /* TweetPoster */ = {
			isa = PBXGroup;
			children = (
				0F94ECA512F03E5A00CC4199 /* TPAuthenticationViewController.h */,
				0F94ECA612F03E5A00CC4199 /* TPAuthenticationViewController.m */,
				0F1AFBE012F0FFB50062F36E /* TPAuthenticationViewController.xib */,
				0F086B8F132715B800BF6775 /* TPAsynchronousDataFetcher.h */,
				0F086B90132715B800BF6775 /* TPAsynchronousDataFetcher.m */,
				0F94ECB612F041F200CC4199 /* TPSession.h */,
				0F94ECB712F041F200CC4199 /* TPSession.m */,
				0F345EBC12F0207800F7181F /* TPTweetViewController.h */,
				0F345EBD12F0207800F7181F /* TPTweetViewController.m */,
				0F1AFBE112F0FFB50062F36E /* TPTweetViewController.xib */,
				0FDEE87112F035F4009BD0F7 /* TwitterBG.png */,
			);
			name = TweetPoster;
			sourceTree = "<group>";
		};
		0F345D1612EFEA4C00F7181F /* OAuthConsumer */ = {
			isa = PBXGroup;
			children = (
				0F345D1712EFEA4C00F7181F /* Base64Transcoder.c */,
				0F345D1812EFEA4C00F7181F /* Base64Transcoder.h */,
				0F345D1912EFEA4C00F7181F /* NSMutableURLRequest+Parameters.h */,
				0F345D1A12EFEA4C00F7181F /* NSMutableURLRequest+Parameters.m */,
				0F345D1B12EFEA4C00F7181F /* NSString+URLEncoding.h */,
				0F345D1C12EFEA4C00F7181F /* NSString+URLEncoding.m */,
				0F345D1D12EFEA4C00F7181F /* NSURL+Base.h */,
				0F345D1E12EFEA4C00F7181F /* NSURL+Base.m */,
				0F345D1F12EFEA4C00F7181F /* OAAsynchronousDataFetcher.h */,
				0F345D2012EFEA4C00F7181F /* OAAsynchronousDataFetcher.m */,
				0F345D2112EFEA4C00F7181F /* OAConsumer.h */,
				0F345D2212EFEA4C00F7181F /* OAConsumer.m */,
				0F345D2312EFEA4C00F7181F /* OADataFetcher.h */,
				0F345D2412EFEA4C00F7181F /* OADataFetcher.m */,
				0F345D2512EFEA4C00F7181F /* OAHMAC_SHA1SignatureProvider.h */,
				0F345D2612EFEA4C00F7181F /* OAHMAC_SHA1SignatureProvider.m */,
				0F345D2712EFEA4C00F7181F /* OAMutableURLRequest.h */,
				0F345D2812EFEA4C00F7181F /* OAMutableURLRequest.m */,
				0F345D2912EFEA4C00F7181F /* OAPlaintextSignatureProvider.h */,
				0F345D2A12EFEA4C00F7181F /* OAPlaintextSignatureProvider.m */,
				0F345D2B12EFEA4C00F7181F /* OARequestParameter.h */,
				0F345D2C12EFEA4C00F7181F /* OARequestParameter.m */,
				0F345D2D12EFEA4C00F7181F /* OAServiceTicket.h */,
				0F345D2E12EFEA4C00F7181F /* OAServiceTicket.m */,
				0F345D2F12EFEA4C00F7181F /* OASignatureProviding.h */,
				0F345D3012EFEA4C00F7181F /* OAToken.h */,
				0F345D3112EFEA4C00F7181F /* OAToken.m */,
				0F345D3412EFEA4C00F7181F /* OAuthConsumer.h */,
			);
			path = OAuthConsumer;
			sourceTree = "<group>";
		};
		19C28FACFE9D520D11CA2CBB /* Products */ = {
			isa = PBXGroup;
			children = (
				1D6058910D05DD3D006BFB54 /* TweetPoster.app */,
			);
			name = Products;
			sourceTree = "<group>";
		};
		29B97314FDCFA39411CA2CEA /* CustomTemplate */ = {
			isa = PBXGroup;
			children = (
				0F3234AD12F164220057C467 /* TweetPoster */,
				0F345D1612EFEA4C00F7181F /* OAuthConsumer */,
				080E96DDFE201D6D7F000001 /* Classes */,
				29B97315FDCFA39411CA2CEA /* Other Sources */,
				29B97317FDCFA39411CA2CEA /* Resources */,
				29B97323FDCFA39411CA2CEA /* Frameworks */,
				19C28FACFE9D520D11CA2CBB /* Products */,
			);
			name = CustomTemplate;
			sourceTree = "<group>";
		};
		29B97315FDCFA39411CA2CEA /* Other Sources */ = {
			isa = PBXGroup;
			children = (
				32CA4F630368D1EE00C91783 /* TweetPoster_Prefix.pch */,
				29B97316FDCFA39411CA2CEA /* main.m */,
			);
			name = "Other Sources";
			sourceTree = "<group>";
		};
		29B97317FDCFA39411CA2CEA /* Resources */ = {
			isa = PBXGroup;
			children = (
				0FB4DC371325DAF400402C5E /* Icon-iPad.png */,
				0FB4DC381325DAF400402C5E /* Icon.png */,
				0FB4DC391325DAF400402C5E /* Icon@2x.png */,
				8D1107310486CEB800E47090 /* TweetPoster-Info.plist */,
				0F1AFBDE12F0FFB50062F36E /* MainWindow.xib */,
				0F1AFBDF12F0FFB50062F36E /* TestViewController.xib */,
			);
			name = Resources;
			sourceTree = "<group>";
		};
		29B97323FDCFA39411CA2CEA /* Frameworks */ = {
			isa = PBXGroup;
			children = (
				1DF5F4DF0D08C38300B7A737 /* UIKit.framework */,
				1D30AB110D05D00D00671497 /* Foundation.framework */,
				288765A40DF7441C002DB57D /* CoreGraphics.framework */,
			);
			name = Frameworks;
			sourceTree = "<group>";
		};
/* End PBXGroup section */

/* Begin PBXNativeTarget section */
		1D6058900D05DD3D006BFB54 /* TweetPoster */ = {
			isa = PBXNativeTarget;
			buildConfigurationList = 1D6058960D05DD3E006BFB54 /* Build configuration list for PBXNativeTarget "TweetPoster" */;
			buildPhases = (
				1D60588D0D05DD3D006BFB54 /* Resources */,
				1D60588E0D05DD3D006BFB54 /* Sources */,
				1D60588F0D05DD3D006BFB54 /* Frameworks */,
			);
			buildRules = (
			);
			dependencies = (
			);
			name = TweetPoster;
			productName = OAuthTest;
			productReference = 1D6058910D05DD3D006BFB54 /* TweetPoster.app */;
			productType = "com.apple.product-type.application";
		};
/* End PBXNativeTarget section */

/* Begin PBXProject section */
		29B97313FDCFA39411CA2CEA /* Project object */ = {
			isa = PBXProject;
			buildConfigurationList = C01FCF4E08A954540054247B /* Build configuration list for PBXProject "TweetPoster" */;
			compatibilityVersion = "Xcode 3.1";
			developmentRegion = English;
			hasScannedForEncodings = 1;
			knownRegions = (
				English,
				Japanese,
				French,
				German,
			);
			mainGroup = 29B97314FDCFA39411CA2CEA /* CustomTemplate */;
			projectDirPath = "";
			projectRoot = "";
			targets = (
				1D6058900D05DD3D006BFB54 /* TweetPoster */,
			);
		};
/* End PBXProject section */

/* Begin PBXResourcesBuildPhase section */
		1D60588D0D05DD3D006BFB54 /* Resources */ = {
			isa = PBXResourcesBuildPhase;
			buildActionMask = 2147483647;
			files = (
				0FDEE87212F035F4009BD0F7 /* TwitterBG.png in Resources */,
				0F1AFBE212F0FFB50062F36E /* MainWindow.xib in Resources */,
				0F1AFBE312F0FFB50062F36E /* TestViewController.xib in Resources */,
				0F1AFBE412F0FFB50062F36E /* TPAuthenticationViewController.xib in Resources */,
				0F1AFBE512F0FFB50062F36E /* TPTweetViewController.xib in Resources */,
				0FB4DC3A1325DAF400402C5E /* Icon-iPad.png in Resources */,
				0FB4DC3B1325DAF400402C5E /* Icon.png in Resources */,
				0FB4DC3C1325DAF400402C5E /* Icon@2x.png in Resources */,
			);
			runOnlyForDeploymentPostprocessing = 0;
		};
/* End PBXResourcesBuildPhase section */

/* Begin PBXSourcesBuildPhase section */
		1D60588E0D05DD3D006BFB54 /* Sources */ = {
			isa = PBXSourcesBuildPhase;
			buildActionMask = 2147483647;
			files = (
				1D60589B0D05DD56006BFB54 /* main.m in Sources */,
				1D3623260D0F684500981E51 /* TestAppDelegate.m in Sources */,
				28D7ACF80DDB3853001CB0EB /* TestViewController.m in Sources */,
				0F345D3612EFEA4C00F7181F /* Base64Transcoder.c in Sources */,
				0F345D3712EFEA4C00F7181F /* NSMutableURLRequest+Parameters.m in Sources */,
				0F345D3812EFEA4C00F7181F /* NSString+URLEncoding.m in Sources */,
				0F345D3912EFEA4C00F7181F /* NSURL+Base.m in Sources */,
				0F345D3A12EFEA4C00F7181F /* OAAsynchronousDataFetcher.m in Sources */,
				0F345D3B12EFEA4C00F7181F /* OAConsumer.m in Sources */,
				0F345D3C12EFEA4C00F7181F /* OADataFetcher.m in Sources */,
				0F345D3D12EFEA4C00F7181F /* OAHMAC_SHA1SignatureProvider.m in Sources */,
				0F345D3E12EFEA4C00F7181F /* OAMutableURLRequest.m in Sources */,
				0F345D3F12EFEA4C00F7181F /* OAPlaintextSignatureProvider.m in Sources */,
				0F345D4012EFEA4C00F7181F /* OARequestParameter.m in Sources */,
				0F345D4112EFEA4C00F7181F /* OAServiceTicket.m in Sources */,
				0F345D4212EFEA4C00F7181F /* OAToken.m in Sources */,
				0F345EBF12F0207800F7181F /* TPTweetViewController.m in Sources */,
				0F94ECA812F03E5A00CC4199 /* TPAuthenticationViewController.m in Sources */,
				0F94ECB812F041F200CC4199 /* TPSession.m in Sources */,
				0F086B91132715B800BF6775 /* TPAsynchronousDataFetcher.m in Sources */,
			);
			runOnlyForDeploymentPostprocessing = 0;
		};
/* End PBXSourcesBuildPhase section */

/* Begin XCBuildConfiguration section */
		1D6058940D05DD3E006BFB54 /* Debug */ = {
			isa = XCBuildConfiguration;
			buildSettings = {
				ALWAYS_SEARCH_USER_PATHS = NO;
				COPY_PHASE_STRIP = NO;
				GCC_DYNAMIC_NO_PIC = NO;
				GCC_OPTIMIZATION_LEVEL = 0;
				GCC_PRECOMPILE_PREFIX_HEADER = YES;
				GCC_PREFIX_HEADER = TweetPoster_Prefix.pch;
				INFOPLIST_FILE = "TweetPoster-Info.plist";
				PRODUCT_NAME = TweetPoster;
			};
			name = Debug;
		};
		1D6058950D05DD3E006BFB54 /* Release */ = {
			isa = XCBuildConfiguration;
			buildSettings = {
				ALWAYS_SEARCH_USER_PATHS = NO;
				COPY_PHASE_STRIP = YES;
				GCC_PRECOMPILE_PREFIX_HEADER = YES;
				GCC_PREFIX_HEADER = TweetPoster_Prefix.pch;
				INFOPLIST_FILE = "TweetPoster-Info.plist";
				PRODUCT_NAME = TweetPoster;
				VALIDATE_PRODUCT = YES;
			};
			name = Release;
		};
		C01FCF4F08A954540054247B /* Debug */ = {
			isa = XCBuildConfiguration;
			buildSettings = {
				ARCHS = "$(ARCHS_STANDARD_32_BIT)";
				"CODE_SIGN_IDENTITY[sdk=iphoneos*]" = "iPhone Developer";
				GCC_C_LANGUAGE_STANDARD = c99;
				GCC_WARN_ABOUT_RETURN_TYPE = YES;
				GCC_WARN_UNUSED_VARIABLE = YES;
				PREBINDING = NO;
				"PROVISIONING_PROFILE[sdk=iphoneos*]" = "";
				SDKROOT = iphoneos;
				TARGETED_DEVICE_FAMILY = "1,2";
			};
			name = Debug;
		};
		C01FCF5008A954540054247B /* Release */ = {
			isa = XCBuildConfiguration;
			buildSettings = {
				ARCHS = "$(ARCHS_STANDARD_32_BIT)";
				"CODE_SIGN_IDENTITY[sdk=iphoneos*]" = "iPhone Developer: Shinichi Tobita (WYLC4EP7H7)";
				GCC_C_LANGUAGE_STANDARD = c99;
				GCC_WARN_ABOUT_RETURN_TYPE = YES;
				GCC_WARN_UNUSED_VARIABLE = YES;
				OTHER_CFLAGS = "-DNS_BLOCK_ASSERTIONS=1";
				PREBINDING = NO;
				"PROVISIONING_PROFILE[sdk=iphoneos*]" = "D956839D-C58C-48B8-BE17-BA7D363CDEB7";
				SDKROOT = iphoneos;
				TARGETED_DEVICE_FAMILY = "1,2";
			};
			name = Release;
		};
/* End XCBuildConfiguration section */

/* Begin XCConfigurationList section */
		1D6058960D05DD3E006BFB54 /* Build configuration list for PBXNativeTarget "TweetPoster" */ = {
			isa = XCConfigurationList;
			buildConfigurations = (
				1D6058940D05DD3E006BFB54 /* Debug */,
				1D6058950D05DD3E006BFB54 /* Release */,
			);
			defaultConfigurationIsVisible = 0;
			defaultConfigurationName = Release;
		};
		C01FCF4E08A954540054247B /* Build configuration list for PBXProject "TweetPoster" */ = {
			isa = XCConfigurationList;
			buildConfigurations = (
				C01FCF4F08A954540054247B /* Debug */,
				C01FCF5008A954540054247B /* Release */,
			);
			defaultConfigurationIsVisible = 0;
			defaultConfigurationName = Release;
		};
/* End XCConfigurationList section */
	};
	rootObject = 29B97313FDCFA39411CA2CEA /* Project object */;
}
